// !$*UTF8*$!
{
	archiveVersion = 1;
	classes = {
	};
	objectVersion = 46;
	objects = {

/* Begin PBXBuildFile section */
		CBB6B38E460F41354613C0C9 /* integral.c in Sources */ = {isa = PBXBuildFile; fileRef = CBB6BDD3377A86DC1EA4C887 /* integral.c */; };
/* End PBXBuildFile section */

/* Begin PBXCopyFilesBuildPhase section */
		CBB6BC8D8C0D87D63D7728AD /* CopyFiles */ = {
			isa = PBXCopyFilesBuildPhase;
			buildActionMask = 2147483647;
			dstPath = /usr/share/man/man1/;
			dstSubfolderSpec = 0;
			files = (
			);
			runOnlyForDeploymentPostprocessing = 1;
		};
/* End PBXCopyFilesBuildPhase section */

/* Begin PBXFileReference section */
		CBB6BB704B9C9BB89A7231B0 /* integral */ = {isa = PBXFileReference; explicitFileType = "compiled.mach-o.executable"; includeInIndex = 0; path = integral; sourceTree = BUILT_PRODUCTS_DIR; };
		CBB6BDD3377A86DC1EA4C887 /* integral.c */ = {isa = PBXFileReference; lastKnownFileType = sourcecode.c.c; path = integral.c; sourceTree = "<group>"; };
/* End PBXFileReference section */

/* Begin PBXFrameworksBuildPhase section */
		CBB6B4AEFE44B7D8297B7BA4 /* Frameworks */ = {
			isa = PBXFrameworksBuildPhase;
			buildActionMask = 2147483647;
			files = (
			);
			runOnlyForDeploymentPostprocessing = 0;
		};
/* End PBXFrameworksBuildPhase section */

/* Begin PBXGroup section */
		CBB6B16F6FF04863410E280B /* Products */ = {
			isa = PBXGroup;
			children = (
				CBB6BB704B9C9BB89A7231B0 /* integral */,
			);
			name = Products;
			sourceTree = "<group>";
		};
		CBB6B6989110538AD3A5786C /* integral */ = {
			isa = PBXGroup;
			children = (
				CBB6BDD3377A86DC1EA4C887 /* integral.c */,
			);
			path = integral;
			sourceTree = "<group>";
		};
		CBB6BE7B25799589E8EEA53A = {
			isa = PBXGroup;
			children = (
				CBB6B16F6FF04863410E280B /* Products */,
				CBB6B6989110538AD3A5786C /* integral */,
			);
			sourceTree = "<group>";
		};
/* End PBXGroup section */

/* Begin PBXNativeTarget section */
		CBB6B58C5659E1FFCB668DAA /* integral */ = {
			isa = PBXNativeTarget;
			buildConfigurationList = CBB6B1F9CD082CFC1EA524B2 /* Build configuration list for PBXNativeTarget "integral" */;
			buildPhases = (
				CBB6B3E5C3B7206FA8B5BB9E /* Sources */,
				CBB6B4AEFE44B7D8297B7BA4 /* Frameworks */,
				CBB6BC8D8C0D87D63D7728AD /* CopyFiles */,
			);
			buildRules = (
			);
			dependencies = (
			);
			name = integral;
			productName = integral;
			productReference = CBB6BB704B9C9BB89A7231B0 /* integral */;
			productType = "com.apple.product-type.tool";
		};
/* End PBXNativeTarget section */

/* Begin PBXProject section */
		CBB6BEAC65C9B750F362448F /* Project object */ = {
			isa = PBXProject;
			attributes = {
				ORGANIZATIONNAME = terana;
			};
			buildConfigurationList = CBB6B34DA6109B9AF490575F /* Build configuration list for PBXProject "integral" */;
			compatibilityVersion = "Xcode 3.2";
			developmentRegion = English;
			hasScannedForEncodings = 0;
			knownRegions = (
				en,
			);
			mainGroup = CBB6BE7B25799589E8EEA53A;
			productRefGroup = CBB6B16F6FF04863410E280B /* Products */;
			projectDirPath = "";
			projectRoot = "";
			targets = (
				CBB6B58C5659E1FFCB668DAA /* integral */,
			);
		};
/* End PBXProject section */

/* Begin PBXSourcesBuildPhase section */
		CBB6B3E5C3B7206FA8B5BB9E /* Sources */ = {
			isa = PBXSourcesBuildPhase;
			buildActionMask = 2147483647;
			files = (
				CBB6B38E460F41354613C0C9 /* integral.c in Sources */,
			);
			runOnlyForDeploymentPostprocessing = 0;
		};
/* End PBXSourcesBuildPhase section */

/* Begin XCBuildConfiguration section */
		CBB6B776F1008977F69CF818 /* Debug */ = {
			isa = XCBuildConfiguration;
			buildSettings = {
				PRODUCT_NAME = "$(TARGET_NAME)";
			};
			name = Debug;
		};
		CBB6BBEFF460BF17549FA690 /* Release */ = {
			isa = XCBuildConfiguration;
			buildSettings = {
				PRODUCT_NAME = "$(TARGET_NAME)";
			};
			name = Release;
		};
		CBB6BC2A891F37318A2B7634 /* Release */ = {
			isa = XCBuildConfiguration;
			buildSettings = {
				ALWAYS_SEARCH_USER_PATHS = NO;
				CLANG_ANALYZER_NONNULL = YES;
				CLANG_CXX_LANGUAGE_STANDARD = "gnu++0x";
				CLANG_CXX_LIBRARY = "libc++";
				CLANG_ENABLE_MODULES = YES;
				CLANG_ENABLE_OBJC_ARC = YES;
				CLANG_WARN_BOOL_CONVERSION = YES;
				CLANG_WARN_CONSTANT_CONVERSION = YES;
				CLANG_WARN_DIRECT_OBJC_ISA_USAGE = YES_ERROR;
				CLANG_WARN_DOCUMENTATION_COMMENTS = YES;
				CLANG_WARN_EMPTY_BODY = YES;
				CLANG_WARN_ENUM_CONVERSION = YES;
				CLANG_WARN_INFINITE_RECURSION = YES;
				CLANG_WARN_INT_CONVERSION = YES;
				CLANG_WARN_OBJC_ROOT_CLASS = YES_ERROR;
				CLANG_WARN_SUSPICIOUS_MOVE = YES;
				CLANG_WARN_UNREACHABLE_CODE = YES;
				CLANG_WARN__DUPLICATE_METHOD_MATCH = YES;
				CODE_SIGN_IDENTITY = "-";
				COPY_PHASE_STRIP = NO;
				DEBUG_INFORMATION_FORMAT = "dwarf-with-dsym";
				ENABLE_NS_ASSERTIONS = NO;
				ENABLE_STRICT_OBJC_MSGSEND = YES;
				GCC_C_LANGUAGE_STANDARD = gnu99;
				GCC_NO_COMMON_BLOCKS = YES;
				GCC_WARN_64_TO_32_BIT_CONVERSION = YES;
				GCC_WARN_ABOUT_RETURN_TYPE = YES_ERROR;
				GCC_WARN_UNDECLARED_SELECTOR = YES;
				GCC_WARN_UNINITIALIZED_AUTOS = YES_AGGRESSIVE;
				GCC_WARN_UNUSED_FUNCTION = YES;
				GCC_WARN_UNUSED_VARIABLE = YES;
				MACOSX_DEPLOYMENT_TARGET = 10.12;
				MTL_ENABLE_DEBUG_INFO = NO;
				SDKROOT = macosx;
			};
			name = Release;
		};
		CBB6BE5BB3C905259139ED7D /* Debug */ = {
			isa = XCBuildConfiguration;
			buildSettings = {
				ALWAYS_SEARCH_USER_PATHS = NO;
				CLANG_ANALYZER_NONNULL = YES;
				CLANG_CXX_LANGUAGE_STANDARD = "gnu++0x";
				CLANG_CXX_LIBRARY = "libc++";
				CLANG_ENABLE_MODULES = YES;
				CLANG_ENABLE_OBJC_ARC = YES;
				CLANG_WARN_BOOL_CONVERSION = YES;
				CLANG_WARN_CONSTANT_CONVERSION = YES;
				CLANG_WARN_DIRECT_OBJC_ISA_USAGE = YES_ERROR;
				CLANG_WARN_DOCUMENTATION_COMMENTS = YES;
				CLANG_WARN_EMPTY_BODY = YES;
				CLANG_WARN_ENUM_CONVERSION = YES;
				CLANG_WARN_INFINITE_RECURSION = YES;
				CLANG_WARN_INT_CONVERSION = YES;
				CLANG_WARN_OBJC_ROOT_CLASS = YES_ERROR;
				CLANG_WARN_SUSPICIOUS_MOVE = YES;
				CLANG_WARN_UNREACHABLE_CODE = YES;
				CLANG_WARN__DUPLICATE_METHOD_MATCH = YES;
				CODE_SIGN_IDENTITY = "-";
				COPY_PHASE_STRIP = NO;
				DEBUG_INFORMATION_FORMAT = dwarf;
				ENABLE_STRICT_OBJC_MSGSEND = YES;
				ENABLE_TESTABILITY = YES;
				GCC_C_LANGUAGE_STANDARD = gnu99;
				GCC_DYNAMIC_NO_PIC = NO;
				GCC_NO_COMMON_BLOCKS = YES;
				GCC_OPTIMIZATION_LEVEL = 0;
				GCC_PREPROCESSOR_DEFINITIONS = (
					"DEBUG=1",
					"$(inherited)",
				);
				GCC_WARN_64_TO_32_BIT_CONVERSION = YES;
				GCC_WARN_ABOUT_RETURN_TYPE = YES_ERROR;
				GCC_WARN_UNDECLARED_SELECTOR = YES;
				GCC_WARN_UNINITIALIZED_AUTOS = YES_AGGRESSIVE;
				GCC_WARN_UNUSED_FUNCTION = YES;
				GCC_WARN_UNUSED_VARIABLE = YES;
				MACOSX_DEPLOYMENT_TARGET = 10.12;
				MTL_ENABLE_DEBUG_INFO = YES;
				ONLY_ACTIVE_ARCH = YES;
				SDKROOT = macosx;
			};
			name = Debug;
		};
/* End XCBuildConfiguration section */

/* Begin XCConfigurationList section */
		CBB6B1F9CD082CFC1EA524B2 /* Build configuration list for PBXNativeTarget "integral" */ = {
			isa = XCConfigurationList;
			buildConfigurations = (
				CBB6B776F1008977F69CF818 /* Debug */,
				CBB6BBEFF460BF17549FA690 /* Release */,
			);
			defaultConfigurationIsVisible = 0;
		};
		CBB6B34DA6109B9AF490575F /* Build configuration list for PBXProject "integral" */ = {
			isa = XCConfigurationList;
			buildConfigurations = (
				CBB6BE5BB3C905259139ED7D /* Debug */,
				CBB6BC2A891F37318A2B7634 /* Release */,
			);
			defaultConfigurationIsVisible = 0;
			defaultConfigurationName = Release;
		};
/* End XCConfigurationList section */
	};
	rootObject = CBB6BEAC65C9B750F362448F /* Project object */;
}
