<?xml version="1.0" encoding="UTF-8"?>
<Scheme
   version = "1.3">
   <BuildAction>
      <BuildActionEntries>
         <BuildActionEntry
            buildForRunning = "YES">
            <BuildableReference
               BuildableIdentifier = "primary"
               BlueprintIdentifier = "CBB6B309FEF3E8507F72CC09"
               BuildableName = "NetIntegral"
               BlueprintName = "NetIntegral"
               ReferencedContainer = "container:NetIntegral.xcodeproj">
            </BuildableReference>
         </BuildActionEntry>
      </BuildActionEntries>
   </BuildAction>
   <LaunchAction
      useCustomWorkingDirectory = "NO"
      buildConfiguration = "Debug">
      <BuildableProductRunnable>
         <BuildableReference
            BuildableIdentifier = "primary"
            BlueprintIdentifier = "CBB6B309FEF3E8507F72CC09"
            BuildableName = "NetIntegral"
            BlueprintName = "NetIntegral"
            ReferencedContainer = "container:NetIntegral.xcodeproj">
         </BuildableReference>
      </BuildableProductRunnable>
   </LaunchAction>
</Scheme>
